// !$*UTF8*$!
{
	archiveVersion = 1;
	classes = {
	};
	objectVersion = 50;
	objects = {

/* Begin PBXBuildFile section */
		520F28F2216E408500143CA0 /* AppDelegate.swift in Sources */ = {isa = PBXBuildFile; fileRef = 520F28F1216E408500143CA0 /* AppDelegate.swift */; };
		520F28F4216E408500143CA0 /* ViewController.swift in Sources */ = {isa = PBXBuildFile; fileRef = 520F28F3216E408500143CA0 /* ViewController.swift */; };
		520F28F7216E408500143CA0 /* Main.storyboard in Resources */ = {isa = PBXBuildFile; fileRef = 520F28F5216E408500143CA0 /* Main.storyboard */; };
		520F28F9216E408600143CA0 /* Assets.xcassets in Resources */ = {isa = PBXBuildFile; fileRef = 520F28F8216E408600143CA0 /* Assets.xcassets */; };
		520F28FC216E408600143CA0 /* LaunchScreen.storyboard in Resources */ = {isa = PBXBuildFile; fileRef = 520F28FA216E408600143CA0 /* LaunchScreen.storyboard */; };
		520F2907216E408600143CA0 /* CeritarakyatTests.swift in Sources */ = {isa = PBXBuildFile; fileRef = 520F2906216E408600143CA0 /* CeritarakyatTests.swift */; };
		520F2912216E408600143CA0 /* CeritarakyatUITests.swift in Sources */ = {isa = PBXBuildFile; fileRef = 520F2911216E408600143CA0 /* CeritarakyatUITests.swift */; };
/* End PBXBuildFile section */

/* Begin PBXContainerItemProxy section */
		520F2903216E408600143CA0 /* PBXContainerItemProxy */ = {
			isa = PBXContainerItemProxy;
			containerPortal = 520F28E6216E408500143CA0 /* Project object */;
			proxyType = 1;
			remoteGlobalIDString = 520F28ED216E408500143CA0;
			remoteInfo = Ceritarakyat;
		};
		520F290E216E408600143CA0 /* PBXContainerItemProxy */ = {
			isa = PBXContainerItemProxy;
			containerPortal = 520F28E6216E408500143CA0 /* Project object */;
			proxyType = 1;
			remoteGlobalIDString = 520F28ED216E408500143CA0;
			remoteInfo = Ceritarakyat;
		};
/* End PBXContainerItemProxy section */

/* Begin PBXFileReference section */
		520F28EE216E408500143CA0 /* Ceritarakyat.app */ = {isa = PBXFileReference; explicitFileType = wrapper.application; includeInIndex = 0; path = Ceritarakyat.app; sourceTree = BUILT_PRODUCTS_DIR; };
		520F28F1216E408500143CA0 /* AppDelegate.swift */ = {isa = PBXFileReference; lastKnownFileType = sourcecode.swift; path = AppDelegate.swift; sourceTree = "<group>"; };
		520F28F3216E408500143CA0 /* ViewController.swift */ = {isa = PBXFileReference; lastKnownFileType = sourcecode.swift; path = ViewController.swift; sourceTree = "<group>"; };
		520F28F6216E408500143CA0 /* Base */ = {isa = PBXFileReference; lastKnownFileType = file.storyboard; name = Base; path = Base.lproj/Main.storyboard; sourceTree = "<group>"; };
		520F28F8216E408600143CA0 /* Assets.xcassets */ = {isa = PBXFileReference; lastKnownFileType = folder.assetcatalog; path = Assets.xcassets; sourceTree = "<group>"; };
		520F28FB216E408600143CA0 /* Base */ = {isa = PBXFileReference; lastKnownFileType = file.storyboard; name = Base; path = Base.lproj/LaunchScreen.storyboard; sourceTree = "<group>"; };
		520F28FD216E408600143CA0 /* Info.plist */ = {isa = PBXFileReference; lastKnownFileType = text.plist.xml; path = Info.plist; sourceTree = "<group>"; };
		520F2902216E408600143CA0 /* CeritarakyatTests.xctest */ = {isa = PBXFileReference; explicitFileType = wrapper.cfbundle; includeInIndex = 0; path = CeritarakyatTests.xctest; sourceTree = BUILT_PRODUCTS_DIR; };
		520F2906216E408600143CA0 /* CeritarakyatTests.swift */ = {isa = PBXFileReference; lastKnownFileType = sourcecode.swift; path = CeritarakyatTests.swift; sourceTree = "<group>"; };
		520F2908216E408600143CA0 /* Info.plist */ = {isa = PBXFileReference; lastKnownFileType = text.plist.xml; path = Info.plist; sourceTree = "<group>"; };
		520F290D216E408600143CA0 /* CeritarakyatUITests.xctest */ = {isa = PBXFileReference; explicitFileType = wrapper.cfbundle; includeInIndex = 0; path = CeritarakyatUITests.xctest; sourceTree = BUILT_PRODUCTS_DIR; };
		520F2911216E408600143CA0 /* CeritarakyatUITests.swift */ = {isa = PBXFileReference; lastKnownFileType = sourcecode.swift; path = CeritarakyatUITests.swift; sourceTree = "<group>"; };
		520F2913216E408600143CA0 /* Info.plist */ = {isa = PBXFileReference; lastKnownFileType = text.plist.xml; path = Info.plist; sourceTree = "<group>"; };
/* End PBXFileReference section */

/* Begin PBXFrameworksBuildPhase section */
		520F28EB216E408500143CA0 /* Frameworks */ = {
			isa = PBXFrameworksBuildPhase;
			buildActionMask = 2147483647;
			files = (
			);
			runOnlyForDeploymentPostprocessing = 0;
		};
		520F28FF216E408600143CA0 /* Frameworks */ = {
			isa = PBXFrameworksBuildPhase;
			buildActionMask = 2147483647;
			files = (
			);
			runOnlyForDeploymentPostprocessing = 0;
		};
		520F290A216E408600143CA0 /* Frameworks */ = {
			isa = PBXFrameworksBuildPhase;
			buildActionMask = 2147483647;
			files = (
			);
			runOnlyForDeploymentPostprocessing = 0;
		};
/* End PBXFrameworksBuildPhase section */

/* Begin PBXGroup section */
		520F28E5216E408500143CA0 = {
			isa = PBXGroup;
			children = (
				520F28F0216E408500143CA0 /* Ceritarakyat */,
				520F2905216E408600143CA0 /* CeritarakyatTests */,
				520F2910216E408600143CA0 /* CeritarakyatUITests */,
				520F28EF216E408500143CA0 /* Products */,
			);
			sourceTree = "<group>";
		};
		520F28EF216E408500143CA0 /* Products */ = {
			isa = PBXGroup;
			children = (
				520F28EE216E408500143CA0 /* Ceritarakyat.app */,
				520F2902216E408600143CA0 /* CeritarakyatTests.xctest */,
				520F290D216E408600143CA0 /* CeritarakyatUITests.xctest */,
			);
			name = Products;
			sourceTree = "<group>";
		};
		520F28F0216E408500143CA0 /* Ceritarakyat */ = {
			isa = PBXGroup;
			children = (
				520F28F1216E408500143CA0 /* AppDelegate.swift */,
				520F28F3216E408500143CA0 /* ViewController.swift */,
				520F28F5216E408500143CA0 /* Main.storyboard */,
				520F28F8216E408600143CA0 /* Assets.xcassets */,
				520F28FA216E408600143CA0 /* LaunchScreen.storyboard */,
				520F28FD216E408600143CA0 /* Info.plist */,
			);
			path = Ceritarakyat;
			sourceTree = "<group>";
		};
		520F2905216E408600143CA0 /* CeritarakyatTests */ = {
			isa = PBXGroup;
			children = (
				520F2906216E408600143CA0 /* CeritarakyatTests.swift */,
				520F2908216E408600143CA0 /* Info.plist */,
			);
			path = CeritarakyatTests;
			sourceTree = "<group>";
		};
		520F2910216E408600143CA0 /* CeritarakyatUITests */ = {
			isa = PBXGroup;
			children = (
				520F2911216E408600143CA0 /* CeritarakyatUITests.swift */,
				520F2913216E408600143CA0 /* Info.plist */,
			);
			path = CeritarakyatUITests;
			sourceTree = "<group>";
		};
/* End PBXGroup section */

/* Begin PBXNativeTarget section */
		520F28ED216E408500143CA0 /* Ceritarakyat */ = {
			isa = PBXNativeTarget;
			buildConfigurationList = 520F2916216E408600143CA0 /* Build configuration list for PBXNativeTarget "Ceritarakyat" */;
			buildPhases = (
				520F28EA216E408500143CA0 /* Sources */,
				520F28EB216E408500143CA0 /* Frameworks */,
				520F28EC216E408500143CA0 /* Resources */,
			);
			buildRules = (
			);
			dependencies = (
			);
			name = Ceritarakyat;
			productName = Ceritarakyat;
			productReference = 520F28EE216E408500143CA0 /* Ceritarakyat.app */;
			productType = "com.apple.product-type.application";
		};
		520F2901216E408600143CA0 /* CeritarakyatTests */ = {
			isa = PBXNativeTarget;
			buildConfigurationList = 520F2919216E408600143CA0 /* Build configuration list for PBXNativeTarget "CeritarakyatTests" */;
			buildPhases = (
				520F28FE216E408600143CA0 /* Sources */,
				520F28FF216E408600143CA0 /* Frameworks */,
				520F2900216E408600143CA0 /* Resources */,
			);
			buildRules = (
			);
			dependencies = (
				520F2904216E408600143CA0 /* PBXTargetDependency */,
			);
			name = CeritarakyatTests;
			productName = CeritarakyatTests;
			productReference = 520F2902216E408600143CA0 /* CeritarakyatTests.xctest */;
			productType = "com.apple.product-type.bundle.unit-test";
		};
		520F290C216E408600143CA0 /* CeritarakyatUITests */ = {
			isa = PBXNativeTarget;
			buildConfigurationList = 520F291C216E408600143CA0 /* Build configuration list for PBXNativeTarget "CeritarakyatUITests" */;
			buildPhases = (
				520F2909216E408600143CA0 /* Sources */,
				520F290A216E408600143CA0 /* Frameworks */,
				520F290B216E408600143CA0 /* Resources */,
			);
			buildRules = (
			);
			dependencies = (
				520F290F216E408600143CA0 /* PBXTargetDependency */,
			);
			name = CeritarakyatUITests;
			productName = CeritarakyatUITests;
			productReference = 520F290D216E408600143CA0 /* CeritarakyatUITests.xctest */;
			productType = "com.apple.product-type.bundle.ui-testing";
		};
/* End PBXNativeTarget section */

/* Begin PBXProject section */
		520F28E6216E408500143CA0 /* Project object */ = {
			isa = PBXProject;
			attributes = {
				LastSwiftUpdateCheck = 0940;
				LastUpgradeCheck = 0940;
				ORGANIZATIONNAME = Mubs;
				TargetAttributes = {
					520F28ED216E408500143CA0 = {
						CreatedOnToolsVersion = 9.4.1;
					};
					520F2901216E408600143CA0 = {
						CreatedOnToolsVersion = 9.4.1;
						TestTargetID = 520F28ED216E408500143CA0;
					};
					520F290C216E408600143CA0 = {
						CreatedOnToolsVersion = 9.4.1;
						TestTargetID = 520F28ED216E408500143CA0;
					};
				};
			};
			buildConfigurationList = 520F28E9216E408500143CA0 /* Build configuration list for PBXProject "Ceritarakyat" */;
			compatibilityVersion = "Xcode 9.3";
			developmentRegion = en;
			hasScannedForEncodings = 0;
			knownRegions = (
				en,
				Base,
			);
			mainGroup = 520F28E5216E408500143CA0;
			productRefGroup = 520F28EF216E408500143CA0 /* Products */;
			projectDirPath = "";
			projectRoot = "";
			targets = (
				520F28ED216E408500143CA0 /* Ceritarakyat */,
				520F2901216E408600143CA0 /* CeritarakyatTests */,
				520F290C216E408600143CA0 /* CeritarakyatUITests */,
			);
		};
/* End PBXProject section */

/* Begin PBXResourcesBuildPhase section */
		520F28EC216E408500143CA0 /* Resources */ = {
			isa = PBXResourcesBuildPhase;
			buildActionMask = 2147483647;
			files = (
				520F28FC216E408600143CA0 /* LaunchScreen.storyboard in Resources */,
				520F28F9216E408600143CA0 /* Assets.xcassets in Resources */,
				520F28F7216E408500143CA0 /* Main.storyboard in Resources */,
			);
			runOnlyForDeploymentPostprocessing = 0;
		};
		520F2900216E408600143CA0 /* Resources */ = {
			isa = PBXResourcesBuildPhase;
			buildActionMask = 2147483647;
			files = (
			);
			runOnlyForDeploymentPostprocessing = 0;
		};
		520F290B216E408600143CA0 /* Resources */ = {
			isa = PBXResourcesBuildPhase;
			buildActionMask = 2147483647;
			files = (
			);
			runOnlyForDeploymentPostprocessing = 0;
		};
/* End PBXResourcesBuildPhase section */

/* Begin PBXSourcesBuildPhase section */
		520F28EA216E408500143CA0 /* Sources */ = {
			isa = PBXSourcesBuildPhase;
			buildActionMask = 2147483647;
			files = (
				520F28F4216E408500143CA0 /* ViewController.swift in Sources */,
				520F28F2216E408500143CA0 /* AppDelegate.swift in Sources */,
			);
			runOnlyForDeploymentPostprocessing = 0;
		};
		520F28FE216E408600143CA0 /* Sources */ = {
			isa = PBXSourcesBuildPhase;
			buildActionMask = 2147483647;
			files = (
				520F2907216E408600143CA0 /* CeritarakyatTests.swift in Sources */,
			);
			runOnlyForDeploymentPostprocessing = 0;
		};
		520F2909216E408600143CA0 /* Sources */ = {
			isa = PBXSourcesBuildPhase;
			buildActionMask = 2147483647;
			files = (
				520F2912216E408600143CA0 /* CeritarakyatUITests.swift in Sources */,
			);
			runOnlyForDeploymentPostprocessing = 0;
		};
/* End PBXSourcesBuildPhase section */

/* Begin PBXTargetDependency section */
		520F2904216E408600143CA0 /* PBXTargetDependency */ = {
			isa = PBXTargetDependency;
			target = 520F28ED216E408500143CA0 /* Ceritarakyat */;
			targetProxy = 520F2903216E408600143CA0 /* PBXContainerItemProxy */;
		};
		520F290F216E408600143CA0 /* PBXTargetDependency */ = {
			isa = PBXTargetDependency;
			target = 520F28ED216E408500143CA0 /* Ceritarakyat */;
			targetProxy = 520F290E216E408600143CA0 /* PBXContainerItemProxy */;
		};
/* End PBXTargetDependency section */

/* Begin PBXVariantGroup section */
		520F28F5216E408500143CA0 /* Main.storyboard */ = {
			isa = PBXVariantGroup;
			children = (
				520F28F6216E408500143CA0 /* Base */,
			);
			name = Main.storyboard;
			sourceTree = "<group>";
		};
		520F28FA216E408600143CA0 /* LaunchScreen.storyboard */ = {
			isa = PBXVariantGroup;
			children = (
				520F28FB216E408600143CA0 /* Base */,
			);
			name = LaunchScreen.storyboard;
			sourceTree = "<group>";
		};
/* End PBXVariantGroup section */

/* Begin XCBuildConfiguration section */
		520F2914216E408600143CA0 /* Debug */ = {
			isa = XCBuildConfiguration;
			buildSettings = {
				ALWAYS_SEARCH_USER_PATHS = NO;
				CLANG_ANALYZER_NONNULL = YES;
				CLANG_ANALYZER_NUMBER_OBJECT_CONVERSION = YES_AGGRESSIVE;
				CLANG_CXX_LANGUAGE_STANDARD = "gnu++14";
				CLANG_CXX_LIBRARY = "libc++";
				CLANG_ENABLE_MODULES = YES;
				CLANG_ENABLE_OBJC_ARC = YES;
				CLANG_ENABLE_OBJC_WEAK = YES;
				CLANG_WARN_BLOCK_CAPTURE_AUTORELEASING = YES;
				CLANG_WARN_BOOL_CONVERSION = YES;
				CLANG_WARN_COMMA = YES;
				CLANG_WARN_CONSTANT_CONVERSION = YES;
				CLANG_WARN_DEPRECATED_OBJC_IMPLEMENTATIONS = YES;
				CLANG_WARN_DIRECT_OBJC_ISA_USAGE = YES_ERROR;
				CLANG_WARN_DOCUMENTATION_COMMENTS = YES;
				CLANG_WARN_EMPTY_BODY = YES;
				CLANG_WARN_ENUM_CONVERSION = YES;
				CLANG_WARN_INFINITE_RECURSION = YES;
				CLANG_WARN_INT_CONVERSION = YES;
				CLANG_WARN_NON_LITERAL_NULL_CONVERSION = YES;
				CLANG_WARN_OBJC_IMPLICIT_RETAIN_SELF = YES;
				CLANG_WARN_OBJC_LITERAL_CONVERSION = YES;
				CLANG_WARN_OBJC_ROOT_CLASS = YES_ERROR;
				CLANG_WARN_RANGE_LOOP_ANALYSIS = YES;
				CLANG_WARN_STRICT_PROTOTYPES = YES;
				CLANG_WARN_SUSPICIOUS_MOVE = YES;
				CLANG_WARN_UNGUARDED_AVAILABILITY = YES_AGGRESSIVE;
				CLANG_WARN_UNREACHABLE_CODE = YES;
				CLANG_WARN__DUPLICATE_METHOD_MATCH = YES;
				CODE_SIGN_IDENTITY = "iPhone Developer";
				COPY_PHASE_STRIP = NO;
				DEBUG_INFORMATION_FORMAT = dwarf;
				ENABLE_STRICT_OBJC_MSGSEND = YES;
				ENABLE_TESTABILITY = YES;
				GCC_C_LANGUAGE_STANDARD = gnu11;
				GCC_DYNAMIC_NO_PIC = NO;
				GCC_NO_COMMON_BLOCKS = YES;
				GCC_OPTIMIZATION_LEVEL = 0;
				GCC_PREPROCESSOR_DEFINITIONS = (
					"DEBUG=1",
					"$(inherited)",
				);
				GCC_WARN_64_TO_32_BIT_CONVERSION = YES;
				GCC_WARN_ABOUT_RETURN_TYPE = YES_ERROR;
				GCC_WARN_UNDECLARED_SELECTOR = YES;
				GCC_WARN_UNINITIALIZED_AUTOS = YES_AGGRESSIVE;
				GCC_WARN_UNUSED_FUNCTION = YES;
				GCC_WARN_UNUSED_VARIABLE = YES;
				IPHONEOS_DEPLOYMENT_TARGET = 11.4;
				MTL_ENABLE_DEBUG_INFO = YES;
				ONLY_ACTIVE_ARCH = YES;
				SDKROOT = iphoneos;
				SWIFT_ACTIVE_COMPILATION_CONDITIONS = DEBUG;
				SWIFT_OPTIMIZATION_LEVEL = "-Onone";
			};
			name = Debug;
		};
		520F2915216E408600143CA0 /* Release */ = {
			isa = XCBuildConfiguration;
			buildSettings = {
				ALWAYS_SEARCH_USER_PATHS = NO;
				CLANG_ANALYZER_NONNULL = YES;
				CLANG_ANALYZER_NUMBER_OBJECT_CONVERSION = YES_AGGRESSIVE;
				CLANG_CXX_LANGUAGE_STANDARD = "gnu++14";
				CLANG_CXX_LIBRARY = "libc++";
				CLANG_ENABLE_MODULES = YES;
				CLANG_ENABLE_OBJC_ARC = YES;
				CLANG_ENABLE_OBJC_WEAK = YES;
				CLANG_WARN_BLOCK_CAPTURE_AUTORELEASING = YES;
				CLANG_WARN_BOOL_CONVERSION = YES;
				CLANG_WARN_COMMA = YES;
				CLANG_WARN_CONSTANT_CONVERSION = YES;
				CLANG_WARN_DEPRECATED_OBJC_IMPLEMENTATIONS = YES;
				CLANG_WARN_DIRECT_OBJC_ISA_USAGE = YES_ERROR;
				CLANG_WARN_DOCUMENTATION_COMMENTS = YES;
				CLANG_WARN_EMPTY_BODY = YES;
				CLANG_WARN_ENUM_CONVERSION = YES;
				CLANG_WARN_INFINITE_RECURSION = YES;
				CLANG_WARN_INT_CONVERSION = YES;
				CLANG_WARN_NON_LITERAL_NULL_CONVERSION = YES;
				CLANG_WARN_OBJC_IMPLICIT_RETAIN_SELF = YES;
				CLANG_WARN_OBJC_LITERAL_CONVERSION = YES;
				CLANG_WARN_OBJC_ROOT_CLASS = YES_ERROR;
				CLANG_WARN_RANGE_LOOP_ANALYSIS = YES;
				CLANG_WARN_STRICT_PROTOTYPES = YES;
				CLANG_WARN_SUSPICIOUS_MOVE = YES;
				CLANG_WARN_UNGUARDED_AVAILABILITY = YES_AGGRESSIVE;
				CLANG_WARN_UNREACHABLE_CODE = YES;
				CLANG_WARN__DUPLICATE_METHOD_MATCH = YES;
				CODE_SIGN_IDENTITY = "iPhone Developer";
				COPY_PHASE_STRIP = NO;
				DEBUG_INFORMATION_FORMAT = "dwarf-with-dsym";
				ENABLE_NS_ASSERTIONS = NO;
				ENABLE_STRICT_OBJC_MSGSEND = YES;
				GCC_C_LANGUAGE_STANDARD = gnu11;
				GCC_NO_COMMON_BLOCKS = YES;
				GCC_WARN_64_TO_32_BIT_CONVERSION = YES;
				GCC_WARN_ABOUT_RETURN_TYPE = YES_ERROR;
				GCC_WARN_UNDECLARED_SELECTOR = YES;
				GCC_WARN_UNINITIALIZED_AUTOS = YES_AGGRESSIVE;
				GCC_WARN_UNUSED_FUNCTION = YES;
				GCC_WARN_UNUSED_VARIABLE = YES;
				IPHONEOS_DEPLOYMENT_TARGET = 11.4;
				MTL_ENABLE_DEBUG_INFO = NO;
				SDKROOT = iphoneos;
				SWIFT_COMPILATION_MODE = wholemodule;
				SWIFT_OPTIMIZATION_LEVEL = "-O";
				VALIDATE_PRODUCT = YES;
			};
			name = Release;
		};
		520F2917216E408600143CA0 /* Debug */ = {
			isa = XCBuildConfiguration;
			buildSettings = {
				ASSETCATALOG_COMPILER_APPICON_NAME = AppIcon;
				CODE_SIGN_STYLE = Automatic;
				INFOPLIST_FILE = Ceritarakyat/Info.plist;
				LD_RUNPATH_SEARCH_PATHS = (
					"$(inherited)",
					"@executable_path/Frameworks",
				);
				PRODUCT_BUNDLE_IDENTIFIER = MubsCompany.Ceritarakyat;
				PRODUCT_NAME = "$(TARGET_NAME)";
				SWIFT_VERSION = 4.0;
				TARGETED_DEVICE_FAMILY = "1,2";
			};
			name = Debug;
		};
		520F2918216E408600143CA0 /* Release */ = {
			isa = XCBuildConfiguration;
			buildSettings = {
				ASSETCATALOG_COMPILER_APPICON_NAME = AppIcon;
				CODE_SIGN_STYLE = Automatic;
				INFOPLIST_FILE = Ceritarakyat/Info.plist;
				LD_RUNPATH_SEARCH_PATHS = (
					"$(inherited)",
					"@executable_path/Frameworks",
				);
				PRODUCT_BUNDLE_IDENTIFIER = MubsCompany.Ceritarakyat;
				PRODUCT_NAME = "$(TARGET_NAME)";
				SWIFT_VERSION = 4.0;
				TARGETED_DEVICE_FAMILY = "1,2";
			};
			name = Release;
		};
		520F291A216E408600143CA0 /* Debug */ = {
			isa = XCBuildConfiguration;
			buildSettings = {
				ALWAYS_EMBED_SWIFT_STANDARD_LIBRARIES = YES;
				BUNDLE_LOADER = "$(TEST_HOST)";
				CODE_SIGN_STYLE = Automatic;
				INFOPLIST_FILE = CeritarakyatTests/Info.plist;
				LD_RUNPATH_SEARCH_PATHS = (
					"$(inherited)",
					"@executable_path/Frameworks",
					"@loader_path/Frameworks",
				);
				PRODUCT_BUNDLE_IDENTIFIER = MubsCompany.CeritarakyatTests;
				PRODUCT_NAME = "$(TARGET_NAME)";
				SWIFT_VERSION = 4.0;
				TARGETED_DEVICE_FAMILY = "1,2";
				TEST_HOST = "$(BUILT_PRODUCTS_DIR)/Ceritarakyat.app/Ceritarakyat";
			};
			name = Debug;
		};
		520F291B216E408600143CA0 /* Release */ = {
			isa = XCBuildConfiguration;
			buildSettings = {
				ALWAYS_EMBED_SWIFT_STANDARD_LIBRARIES = YES;
				BUNDLE_LOADER = "$(TEST_HOST)";
				CODE_SIGN_STYLE = Automatic;
				INFOPLIST_FILE = CeritarakyatTests/Info.plist;
				LD_RUNPATH_SEARCH_PATHS = (
					"$(inherited)",
					"@executable_path/Frameworks",
					"@loader_path/Frameworks",
				);
				PRODUCT_BUNDLE_IDENTIFIER = MubsCompany.CeritarakyatTests;
				PRODUCT_NAME = "$(TARGET_NAME)";
				SWIFT_VERSION = 4.0;
				TARGETED_DEVICE_FAMILY = "1,2";
				TEST_HOST = "$(BUILT_PRODUCTS_DIR)/Ceritarakyat.app/Ceritarakyat";
			};
			name = Release;
		};
		520F291D216E408600143CA0 /* Debug */ = {
			isa = XCBuildConfiguration;
			buildSettings = {
				ALWAYS_EMBED_SWIFT_STANDARD_LIBRARIES = YES;
				CODE_SIGN_STYLE = Automatic;
				INFOPLIST_FILE = CeritarakyatUITests/Info.plist;
				LD_RUNPATH_SEARCH_PATHS = (
					"$(inherited)",
					"@executable_path/Frameworks",
					"@loader_path/Frameworks",
				);
				PRODUCT_BUNDLE_IDENTIFIER = MubsCompany.CeritarakyatUITests;
				PRODUCT_NAME = "$(TARGET_NAME)";
				SWIFT_VERSION = 4.0;
				TARGETED_DEVICE_FAMILY = "1,2";
				TEST_TARGET_NAME = Ceritarakyat;
			};
			name = Debug;
		};
		520F291E216E408600143CA0 /* Release */ = {
			isa = XCBuildConfiguration;
			buildSettings = {
				ALWAYS_EMBED_SWIFT_STANDARD_LIBRARIES = YES;
				CODE_SIGN_STYLE = Automatic;
				INFOPLIST_FILE = CeritarakyatUITests/Info.plist;
				LD_RUNPATH_SEARCH_PATHS = (
					"$(inherited)",
					"@executable_path/Frameworks",
					"@loader_path/Frameworks",
				);
				PRODUCT_BUNDLE_IDENTIFIER = MubsCompany.CeritarakyatUITests;
				PRODUCT_NAME = "$(TARGET_NAME)";
				SWIFT_VERSION = 4.0;
				TARGETED_DEVICE_FAMILY = "1,2";
				TEST_TARGET_NAME = Ceritarakyat;
			};
			name = Release;
		};
/* End XCBuildConfiguration section */

/* Begin XCConfigurationList section */
		520F28E9216E408500143CA0 /* Build configuration list for PBXProject "Ceritarakyat" */ = {
			isa = XCConfigurationList;
			buildConfigurations = (
				520F2914216E408600143CA0 /* Debug */,
				520F2915216E408600143CA0 /* Release */,
			);
			defaultConfigurationIsVisible = 0;
			defaultConfigurationName = Release;
		};
		520F2916216E408600143CA0 /* Build configuration list for PBXNativeTarget "Ceritarakyat" */ = {
			isa = XCConfigurationList;
			buildConfigurations = (
				520F2917216E408600143CA0 /* Debug */,
				520F2918216E408600143CA0 /* Release */,
			);
			defaultConfigurationIsVisible = 0;
			defaultConfigurationName = Release;
		};
		520F2919216E408600143CA0 /* Build configuration list for PBXNativeTarget "CeritarakyatTests" */ = {
			isa = XCConfigurationList;
			buildConfigurations = (
				520F291A216E408600143CA0 /* Debug */,
				520F291B216E408600143CA0 /* Release */,
			);
			defaultConfigurationIsVisible = 0;
			defaultConfigurationName = Release;
		};
		520F291C216E408600143CA0 /* Build configuration list for PBXNativeTarget "CeritarakyatUITests" */ = {
			isa = XCConfigurationList;
			buildConfigurations = (
				520F291D216E408600143CA0 /* Debug */,
				520F291E216E408600143CA0 /* Release */,
			);
			defaultConfigurationIsVisible = 0;
			defaultConfigurationName = Release;
		};
/* End XCConfigurationList section */
	};
	rootObject = 520F28E6216E408500143CA0 /* Project object */;
}
